
Microsoft Visual Studio Solution File, Format Version 12.00
# Visual Studio Version 16
VisualStudioVersion = 16.0.30907.101
MinimumVisualStudioVersion = 10.0.40219.1
Project("{FAE04EC0-301F-11D3-BF4B-00C04F79EFBC}") = "FinalProject.DataAccess", "DataAccess\FinalProject.DataAccess.csproj", "{93A1A66B-1DD4-4FDE-ADCB-99FC46F45245}"
EndProject
Project("{FAE04EC0-301F-11D3-BF4B-00C04F79EFBC}") = "FinalProject.Business", "FinalProject.Business\FinalProject.Business.csproj", "{FFDEC981-B029-4624-BF23-1BAA6F0BF6E0}"
EndProject
Project("{FAE04EC0-301F-11D3-BF4B-00C04F79EFBC}") = "FinalProject.Entities", "FinalProject.Entities\FinalProject.Entities.csproj", "{F68C5318-B1AB-4D3F-A57F-C22C23A0D573}"
EndProject
Project("{FAE04EC0-301F-11D3-BF4B-00C04F79EFBC}") = "FinalProject.ConsoleUI", "FinalProje.ConsoleUI\FinalProject.ConsoleUI.csproj", "{C7D96A7A-732C-4F43-B58B-69CE8502AB4F}"
EndProject
Global
	GlobalSection(SolutionConfigurationPlatforms) = preSolution
		Debug|Any CPU = Debug|Any CPU
		Release|Any CPU = Release|Any CPU
	EndGlobalSection
	GlobalSection(ProjectConfigurationPlatforms) = postSolution
		{93A1A66B-1DD4-4FDE-ADCB-99FC46F45245}.Debug|Any CPU.ActiveCfg = Debug|Any CPU
		{93A1A66B-1DD4-4FDE-ADCB-99FC46F45245}.Debug|Any CPU.Build.0 = Debug|Any CPU
		{93A1A66B-1DD4-4FDE-ADCB-99FC46F45245}.Release|Any CPU.ActiveCfg = Release|Any CPU
		{93A1A66B-1DD4-4FDE-ADCB-99FC46F45245}.Release|Any CPU.Build.0 = Release|Any CPU
		{FFDEC981-B029-4624-BF23-1BAA6F0BF6E0}.Debug|Any CPU.ActiveCfg = Debug|Any CPU
		{FFDEC981-B029-4624-BF23-1BAA6F0BF6E0}.Debug|Any CPU.Build.0 = Debug|Any CPU
		{FFDEC981-B029-4624-BF23-1BAA6F0BF6E0}.Release|Any CPU.ActiveCfg = Release|Any CPU
		{FFDEC981-B029-4624-BF23-1BAA6F0BF6E0}.Release|Any CPU.Build.0 = Release|Any CPU
		{F68C5318-B1AB-4D3F-A57F-C22C23A0D573}.Debug|Any CPU.ActiveCfg = Debug|Any CPU
		{F68C5318-B1AB-4D3F-A57F-C22C23A0D573}.Debug|Any CPU.Build.0 = Debug|Any CPU
		{F68C5318-B1AB-4D3F-A57F-C22C23A0D573}.Release|Any CPU.ActiveCfg = Release|Any CPU
		{F68C5318-B1AB-4D3F-A57F-C22C23A0D573}.Release|Any CPU.Build.0 = Release|Any CPU
		{C7D96A7A-732C-4F43-B58B-69CE8502AB4F}.Debug|Any CPU.ActiveCfg = Debug|Any CPU
		{C7D96A7A-732C-4F43-B58B-69CE8502AB4F}.Debug|Any CPU.Build.0 = Debug|Any CPU
		{C7D96A7A-732C-4F43-B58B-69CE8502AB4F}.Release|Any CPU.ActiveCfg = Release|Any CPU
		{C7D96A7A-732C-4F43-B58B-69CE8502AB4F}.Release|Any CPU.Build.0 = Release|Any CPU
	EndGlobalSection
	GlobalSection(SolutionProperties) = preSolution
		HideSolutionNode = FALSE
	EndGlobalSection
	GlobalSection(ExtensibilityGlobals) = postSolution
		SolutionGuid = {2D65408E-AFF6-4FE9-85FD-D6AB6A2308A8}
	EndGlobalSection
EndGlobal
